
Microsoft Visual Studio Solution File, Format Version 12.00
# Visual Studio Version 17
VisualStudioVersion = 17.5.002.0
MinimumVisualStudioVersion = 10.0.40219.1
Project("{9A19103F-16F7-4668-BE54-9A1E7A4F7556}") = "Test", "Test.csproj", "{B108D457-9EBF-48B8-B747-01488EB5A6F3}"
EndProject
Global
	GlobalSection(SolutionConfigurationPlatforms) = preSolution
		Debug|Any CPU = Debug|Any CPU
		Release|Any CPU = Release|Any CPU
	EndGlobalSection
	GlobalSection(ProjectConfigurationPlatforms) = postSolution
		{B108D457-9EBF-48B8-B747-01488EB5A6F3}.Debug|Any CPU.ActiveCfg = Debug|Any CPU
		{B108D457-9EBF-48B8-B747-01488EB5A6F3}.Debug|Any CPU.Build.0 = Debug|Any CPU
		{B108D457-9EBF-48B8-B747-01488EB5A6F3}.Release|Any CPU.ActiveCfg = Release|Any CPU
		{B108D457-9EBF-48B8-B747-01488EB5A6F3}.Release|Any CPU.Build.0 = Release|Any CPU
	EndGlobalSection
	GlobalSection(SolutionProperties) = preSolution
		HideSolutionNode = FALSE
	EndGlobalSection
	GlobalSection(ExtensibilityGlobals) = postSolution
		SolutionGuid = {27C50B79-9947-40AC-B5D7-CA72A1B53F39}
	EndGlobalSection
EndGlobal
