
Microsoft Visual Studio Solution File, Format Version 12.00
# Visual Studio Version 17
VisualStudioVersion = 17.5.002.0
MinimumVisualStudioVersion = 10.0.40219.1
Project("{2150E333-8FDC-42A3-9474-1A3956D46DE8}") = "C#HandsOn", "C#HandsOn", "{16ADF39A-7941-47DF-906F-9C8C217EC42D}"
EndProject
Project("{9A19103F-16F7-4668-BE54-9A1E7A4F7556}") = "HelloCS", "C#HandsOn\HelloCS\HelloCS.csproj", "{82083FD8-345F-4392-9865-1363B87A9C58}"
EndProject
Project("{FAE04EC0-301F-11D3-BF4B-00C04F79EFBC}") = "Ex04", "C#HandsOn\Ex04\Ex04.csproj", "{3D0E1C12-C8C1-4986-90B0-2D2FC5416F96}"
EndProject
Project("{FAE04EC0-301F-11D3-BF4B-00C04F79EFBC}") = "Ex05", "C#HandsOn\Ex05\Ex05.csproj", "{0C140F90-993C-4902-B444-984306A387D8}"
EndProject
Project("{FAE04EC0-301F-11D3-BF4B-00C04F79EFBC}") = "Ex06", "C#HandsOn\Ex06\Ex06.csproj", "{A1D9B63D-5FA4-4F80-B54C-88E8FAAD87DD}"
EndProject
Project("{FAE04EC0-301F-11D3-BF4B-00C04F79EFBC}") = "EX07", "C#HandsOn\EX07\EX07.csproj", "{2F99BD05-CC19-414B-BF6A-7FCD1FC9BF20}"
EndProject
Project("{FAE04EC0-301F-11D3-BF4B-00C04F79EFBC}") = "Ex08", "C#HandsOn\Ex08\Ex08.csproj", "{4D4B0ACA-FC07-430F-8C24-5BF374E52256}"
EndProject
Project("{FAE04EC0-301F-11D3-BF4B-00C04F79EFBC}") = "Ex09", "C#HandsOn\Ex09\Ex09.csproj", "{275C48E2-FA58-4486-97B4-29E77840F557}"
EndProject
Project("{FAE04EC0-301F-11D3-BF4B-00C04F79EFBC}") = "Ex10", "C#HandsOn\Ex10\Ex10.csproj", "{62B1724A-EC1A-469C-9CC7-C6CC365DC68E}"
EndProject
Project("{FAE04EC0-301F-11D3-BF4B-00C04F79EFBC}") = "Ex11", "C#HandsOn\Ex11\Ex11.csproj", "{3A2235DF-A092-4259-ABC3-BACB1D20743C}"
EndProject
Project("{FAE04EC0-301F-11D3-BF4B-00C04F79EFBC}") = "Ex12", "C#HandsOn\Ex12\Ex12.csproj", "{D4CF9C78-4CF2-40B3-B84A-3B3A87A726C8}"
EndProject
Project("{FAE04EC0-301F-11D3-BF4B-00C04F79EFBC}") = "Ex13", "C#HandsOn\MyWindowApp\Ex13.csproj", "{3C5B6E72-0F17-4AAE-81FD-B3027030A0FF}"
EndProject
Project("{F184B08F-C81C-45F6-A57F-5ABD9991F28F}") = "HelloVB", "VBHandsOn\HelloVB\HelloVB.vbproj", "{8924A9A8-9230-42D8-A950-645EAE5A56B7}"
EndProject
Project("{F184B08F-C81C-45F6-A57F-5ABD9991F28F}") = "Ex11", "VBHandsOn\Ex11\Ex11.vbproj", "{274B30EC-7BD5-4E34-815B-51647CCDE55C}"
EndProject
Global
	GlobalSection(SolutionConfigurationPlatforms) = preSolution
		Debug|Any CPU = Debug|Any CPU
		Release|Any CPU = Release|Any CPU
	EndGlobalSection
	GlobalSection(ProjectConfigurationPlatforms) = postSolution
		{82083FD8-345F-4392-9865-1363B87A9C58}.Debug|Any CPU.ActiveCfg = Debug|Any CPU
		{82083FD8-345F-4392-9865-1363B87A9C58}.Debug|Any CPU.Build.0 = Debug|Any CPU
		{82083FD8-345F-4392-9865-1363B87A9C58}.Release|Any CPU.ActiveCfg = Release|Any CPU
		{82083FD8-345F-4392-9865-1363B87A9C58}.Release|Any CPU.Build.0 = Release|Any CPU
		{3D0E1C12-C8C1-4986-90B0-2D2FC5416F96}.Debug|Any CPU.ActiveCfg = Debug|Any CPU
		{3D0E1C12-C8C1-4986-90B0-2D2FC5416F96}.Debug|Any CPU.Build.0 = Debug|Any CPU
		{3D0E1C12-C8C1-4986-90B0-2D2FC5416F96}.Release|Any CPU.ActiveCfg = Release|Any CPU
		{3D0E1C12-C8C1-4986-90B0-2D2FC5416F96}.Release|Any CPU.Build.0 = Release|Any CPU
		{0C140F90-993C-4902-B444-984306A387D8}.Debug|Any CPU.ActiveCfg = Debug|Any CPU
		{0C140F90-993C-4902-B444-984306A387D8}.Debug|Any CPU.Build.0 = Debug|Any CPU
		{0C140F90-993C-4902-B444-984306A387D8}.Release|Any CPU.ActiveCfg = Release|Any CPU
		{0C140F90-993C-4902-B444-984306A387D8}.Release|Any CPU.Build.0 = Release|Any CPU
		{A1D9B63D-5FA4-4F80-B54C-88E8FAAD87DD}.Debug|Any CPU.ActiveCfg = Debug|Any CPU
		{A1D9B63D-5FA4-4F80-B54C-88E8FAAD87DD}.Debug|Any CPU.Build.0 = Debug|Any CPU
		{A1D9B63D-5FA4-4F80-B54C-88E8FAAD87DD}.Release|Any CPU.ActiveCfg = Release|Any CPU
		{A1D9B63D-5FA4-4F80-B54C-88E8FAAD87DD}.Release|Any CPU.Build.0 = Release|Any CPU
		{2F99BD05-CC19-414B-BF6A-7FCD1FC9BF20}.Debug|Any CPU.ActiveCfg = Debug|Any CPU
		{2F99BD05-CC19-414B-BF6A-7FCD1FC9BF20}.Debug|Any CPU.Build.0 = Debug|Any CPU
		{2F99BD05-CC19-414B-BF6A-7FCD1FC9BF20}.Release|Any CPU.ActiveCfg = Release|Any CPU
		{2F99BD05-CC19-414B-BF6A-7FCD1FC9BF20}.Release|Any CPU.Build.0 = Release|Any CPU
		{4D4B0ACA-FC07-430F-8C24-5BF374E52256}.Debug|Any CPU.ActiveCfg = Debug|Any CPU
		{4D4B0ACA-FC07-430F-8C24-5BF374E52256}.Debug|Any CPU.Build.0 = Debug|Any CPU
		{4D4B0ACA-FC07-430F-8C24-5BF374E52256}.Release|Any CPU.ActiveCfg = Release|Any CPU
		{4D4B0ACA-FC07-430F-8C24-5BF374E52256}.Release|Any CPU.Build.0 = Release|Any CPU
		{275C48E2-FA58-4486-97B4-29E77840F557}.Debug|Any CPU.ActiveCfg = Debug|Any CPU
		{275C48E2-FA58-4486-97B4-29E77840F557}.Debug|Any CPU.Build.0 = Debug|Any CPU
		{275C48E2-FA58-4486-97B4-29E77840F557}.Release|Any CPU.ActiveCfg = Release|Any CPU
		{275C48E2-FA58-4486-97B4-29E77840F557}.Release|Any CPU.Build.0 = Release|Any CPU
		{62B1724A-EC1A-469C-9CC7-C6CC365DC68E}.Debug|Any CPU.ActiveCfg = Debug|Any CPU
		{62B1724A-EC1A-469C-9CC7-C6CC365DC68E}.Debug|Any CPU.Build.0 = Debug|Any CPU
		{62B1724A-EC1A-469C-9CC7-C6CC365DC68E}.Release|Any CPU.ActiveCfg = Release|Any CPU
		{62B1724A-EC1A-469C-9CC7-C6CC365DC68E}.Release|Any CPU.Build.0 = Release|Any CPU
		{3A2235DF-A092-4259-ABC3-BACB1D20743C}.Debug|Any CPU.ActiveCfg = Debug|Any CPU
		{3A2235DF-A092-4259-ABC3-BACB1D20743C}.Debug|Any CPU.Build.0 = Debug|Any CPU
		{3A2235DF-A092-4259-ABC3-BACB1D20743C}.Release|Any CPU.ActiveCfg = Release|Any CPU
		{3A2235DF-A092-4259-ABC3-BACB1D20743C}.Release|Any CPU.Build.0 = Release|Any CPU
		{D4CF9C78-4CF2-40B3-B84A-3B3A87A726C8}.Debug|Any CPU.ActiveCfg = Debug|Any CPU
		{D4CF9C78-4CF2-40B3-B84A-3B3A87A726C8}.Debug|Any CPU.Build.0 = Debug|Any CPU
		{D4CF9C78-4CF2-40B3-B84A-3B3A87A726C8}.Release|Any CPU.ActiveCfg = Release|Any CPU
		{D4CF9C78-4CF2-40B3-B84A-3B3A87A726C8}.Release|Any CPU.Build.0 = Release|Any CPU
		{3C5B6E72-0F17-4AAE-81FD-B3027030A0FF}.Debug|Any CPU.ActiveCfg = Debug|Any CPU
		{3C5B6E72-0F17-4AAE-81FD-B3027030A0FF}.Debug|Any CPU.Build.0 = Debug|Any CPU
		{3C5B6E72-0F17-4AAE-81FD-B3027030A0FF}.Release|Any CPU.ActiveCfg = Release|Any CPU
		{3C5B6E72-0F17-4AAE-81FD-B3027030A0FF}.Release|Any CPU.Build.0 = Release|Any CPU
		{8924A9A8-9230-42D8-A950-645EAE5A56B7}.Debug|Any CPU.ActiveCfg = Debug|Any CPU
		{8924A9A8-9230-42D8-A950-645EAE5A56B7}.Debug|Any CPU.Build.0 = Debug|Any CPU
		{8924A9A8-9230-42D8-A950-645EAE5A56B7}.Release|Any CPU.ActiveCfg = Release|Any CPU
		{8924A9A8-9230-42D8-A950-645EAE5A56B7}.Release|Any CPU.Build.0 = Release|Any CPU
		{274B30EC-7BD5-4E34-815B-51647CCDE55C}.Debug|Any CPU.ActiveCfg = Debug|Any CPU
		{274B30EC-7BD5-4E34-815B-51647CCDE55C}.Debug|Any CPU.Build.0 = Debug|Any CPU
		{274B30EC-7BD5-4E34-815B-51647CCDE55C}.Release|Any CPU.ActiveCfg = Release|Any CPU
		{274B30EC-7BD5-4E34-815B-51647CCDE55C}.Release|Any CPU.Build.0 = Release|Any CPU
	EndGlobalSection
	GlobalSection(SolutionProperties) = preSolution
		HideSolutionNode = FALSE
	EndGlobalSection
	GlobalSection(NestedProjects) = preSolution
		{82083FD8-345F-4392-9865-1363B87A9C58} = {16ADF39A-7941-47DF-906F-9C8C217EC42D}
		{3D0E1C12-C8C1-4986-90B0-2D2FC5416F96} = {16ADF39A-7941-47DF-906F-9C8C217EC42D}
		{0C140F90-993C-4902-B444-984306A387D8} = {16ADF39A-7941-47DF-906F-9C8C217EC42D}
		{A1D9B63D-5FA4-4F80-B54C-88E8FAAD87DD} = {16ADF39A-7941-47DF-906F-9C8C217EC42D}
		{2F99BD05-CC19-414B-BF6A-7FCD1FC9BF20} = {16ADF39A-7941-47DF-906F-9C8C217EC42D}
		{4D4B0ACA-FC07-430F-8C24-5BF374E52256} = {16ADF39A-7941-47DF-906F-9C8C217EC42D}
		{275C48E2-FA58-4486-97B4-29E77840F557} = {16ADF39A-7941-47DF-906F-9C8C217EC42D}
		{62B1724A-EC1A-469C-9CC7-C6CC365DC68E} = {16ADF39A-7941-47DF-906F-9C8C217EC42D}
		{3A2235DF-A092-4259-ABC3-BACB1D20743C} = {16ADF39A-7941-47DF-906F-9C8C217EC42D}
		{D4CF9C78-4CF2-40B3-B84A-3B3A87A726C8} = {16ADF39A-7941-47DF-906F-9C8C217EC42D}
		{3C5B6E72-0F17-4AAE-81FD-B3027030A0FF} = {16ADF39A-7941-47DF-906F-9C8C217EC42D}
		{274B30EC-7BD5-4E34-815B-51647CCDE55C} = {16ADF39A-7941-47DF-906F-9C8C217EC42D}
	EndGlobalSection
	GlobalSection(ExtensibilityGlobals) = postSolution
		SolutionGuid = {606A04AA-DF51-4E11-95A1-11159DA29D18}
	EndGlobalSection
EndGlobal
